
Microsoft Visual Studio Solution File, Format Version 12.00
# Visual Studio Version 17
VisualStudioVersion = 17.7.34009.444
MinimumVisualStudioVersion = 10.0.40219.1
Project("{FAE04EC0-301F-11D3-BF4B-00C04F79EFBC}") = "ExtraaEdge_WEB_API", "ExtraaEdge_WEB_API.csproj", "{F09237D5-857F-457D-880A-DBEDB93698CE}"
EndProject
Global
	GlobalSection(SolutionConfigurationPlatforms) = preSolution
		Debug|Any CPU = Debug|Any CPU
		Release|Any CPU = Release|Any CPU
	EndGlobalSection
	GlobalSection(ProjectConfigurationPlatforms) = postSolution
		{F09237D5-857F-457D-880A-DBEDB93698CE}.Debug|Any CPU.ActiveCfg = Debug|Any CPU
		{F09237D5-857F-457D-880A-DBEDB93698CE}.Debug|Any CPU.Build.0 = Debug|Any CPU
		{F09237D5-857F-457D-880A-DBEDB93698CE}.Release|Any CPU.ActiveCfg = Release|Any CPU
		{F09237D5-857F-457D-880A-DBEDB93698CE}.Release|Any CPU.Build.0 = Release|Any CPU
	EndGlobalSection
	GlobalSection(SolutionProperties) = preSolution
		HideSolutionNode = FALSE
	EndGlobalSection
	GlobalSection(ExtensibilityGlobals) = postSolution
		SolutionGuid = {E66278DA-A7B0-4ACD-B916-4ECF76FD7021}
	EndGlobalSection
EndGlobal
